// !$*UTF8*$!
{
	archiveVersion = 1;
	classes = {
	};
	objectVersion = 46;
	objects = {

/* Begin PBXBuildFile section */
		7A36D39E838D30BF2C91AF45 /* Pods_MusicStories.framework in Frameworks */ = {isa = PBXBuildFile; fileRef = B1FD9958115D436B41AE760A /* Pods_MusicStories.framework */; };
		E49112B41D5290FA00273B18 /* CommentCell.m in Sources */ = {isa = PBXBuildFile; fileRef = E49112B31D5290FA00273B18 /* CommentCell.m */; };
		E4A42BDC1D50447F005C0045 /* Comment.m in Sources */ = {isa = PBXBuildFile; fileRef = E4A42BDB1D50447F005C0045 /* Comment.m */; };
		E4A42BE41D513DDD005C0045 /* BorderedButton.m in Sources */ = {isa = PBXBuildFile; fileRef = E4A42BE31D513DDD005C0045 /* BorderedButton.m */; };
		E4BB0E091D1E52F900E36992 /* main.m in Sources */ = {isa = PBXBuildFile; fileRef = E4BB0E081D1E52F900E36992 /* main.m */; };
		E4BB0E0C1D1E52F900E36992 /* AppDelegate.m in Sources */ = {isa = PBXBuildFile; fileRef = E4BB0E0B1D1E52F900E36992 /* AppDelegate.m */; };
		E4BB0E0F1D1E52F900E36992 /* ViewController.m in Sources */ = {isa = PBXBuildFile; fileRef = E4BB0E0E1D1E52F900E36992 /* ViewController.m */; };
		E4BB0E121D1E52F900E36992 /* Main.storyboard in Resources */ = {isa = PBXBuildFile; fileRef = E4BB0E101D1E52F900E36992 /* Main.storyboard */; };
		E4BB0E141D1E52F900E36992 /* Assets.xcassets in Resources */ = {isa = PBXBuildFile; fileRef = E4BB0E131D1E52F900E36992 /* Assets.xcassets */; };
		E4BB0E171D1E52F900E36992 /* LaunchScreen.storyboard in Resources */ = {isa = PBXBuildFile; fileRef = E4BB0E151D1E52F900E36992 /* LaunchScreen.storyboard */; };
/* End PBXBuildFile section */

/* Begin PBXFileReference section */
		2294ECA9079DDC1BD230DC51 /* Pods-MusicStories.debug.xcconfig */ = {isa = PBXFileReference; includeInIndex = 1; lastKnownFileType = text.xcconfig; name = "Pods-MusicStories.debug.xcconfig"; path = "Pods/Target Support Files/Pods-MusicStories/Pods-MusicStories.debug.xcconfig"; sourceTree = "<group>"; };
		B1FD9958115D436B41AE760A /* Pods_MusicStories.framework */ = {isa = PBXFileReference; explicitFileType = wrapper.framework; includeInIndex = 0; path = Pods_MusicStories.framework; sourceTree = BUILT_PRODUCTS_DIR; };
		C5580D607BE3FFAFD6966B39 /* Pods-MusicStories.release.xcconfig */ = {isa = PBXFileReference; includeInIndex = 1; lastKnownFileType = text.xcconfig; name = "Pods-MusicStories.release.xcconfig"; path = "Pods/Target Support Files/Pods-MusicStories/Pods-MusicStories.release.xcconfig"; sourceTree = "<group>"; };
		E49112B21D5290FA00273B18 /* CommentCell.h */ = {isa = PBXFileReference; fileEncoding = 4; lastKnownFileType = sourcecode.c.h; path = CommentCell.h; sourceTree = "<group>"; };
		E49112B31D5290FA00273B18 /* CommentCell.m */ = {isa = PBXFileReference; fileEncoding = 4; lastKnownFileType = sourcecode.c.objc; path = CommentCell.m; sourceTree = "<group>"; };
		E4A42BDA1D50447F005C0045 /* Comment.h */ = {isa = PBXFileReference; fileEncoding = 4; lastKnownFileType = sourcecode.c.h; path = Comment.h; sourceTree = "<group>"; };
		E4A42BDB1D50447F005C0045 /* Comment.m */ = {isa = PBXFileReference; fileEncoding = 4; lastKnownFileType = sourcecode.c.objc; path = Comment.m; sourceTree = "<group>"; };
		E4A42BE21D513DDD005C0045 /* BorderedButton.h */ = {isa = PBXFileReference; fileEncoding = 4; lastKnownFileType = sourcecode.c.h; path = BorderedButton.h; sourceTree = "<group>"; };
		E4A42BE31D513DDD005C0045 /* BorderedButton.m */ = {isa = PBXFileReference; fileEncoding = 4; lastKnownFileType = sourcecode.c.objc; path = BorderedButton.m; sourceTree = "<group>"; };
		E4BB0E041D1E52F900E36992 /* MusicStories.app */ = {isa = PBXFileReference; explicitFileType = wrapper.application; includeInIndex = 0; path = MusicStories.app; sourceTree = BUILT_PRODUCTS_DIR; };
		E4BB0E081D1E52F900E36992 /* main.m */ = {isa = PBXFileReference; lastKnownFileType = sourcecode.c.objc; path = main.m; sourceTree = "<group>"; };
		E4BB0E0A1D1E52F900E36992 /* AppDelegate.h */ = {isa = PBXFileReference; lastKnownFileType = sourcecode.c.h; path = AppDelegate.h; sourceTree = "<group>"; };
		E4BB0E0B1D1E52F900E36992 /* AppDelegate.m */ = {isa = PBXFileReference; lastKnownFileType = sourcecode.c.objc; path = AppDelegate.m; sourceTree = "<group>"; };
		E4BB0E0D1D1E52F900E36992 /* ViewController.h */ = {isa = PBXFileReference; lastKnownFileType = sourcecode.c.h; path = ViewController.h; sourceTree = "<group>"; };
		E4BB0E0E1D1E52F900E36992 /* ViewController.m */ = {isa = PBXFileReference; lastKnownFileType = sourcecode.c.objc; path = ViewController.m; sourceTree = "<group>"; };
		E4BB0E111D1E52F900E36992 /* Base */ = {isa = PBXFileReference; lastKnownFileType = file.storyboard; name = Base; path = Base.lproj/Main.storyboard; sourceTree = "<group>"; };
		E4BB0E131D1E52F900E36992 /* Assets.xcassets */ = {isa = PBXFileReference; lastKnownFileType = folder.assetcatalog; path = Assets.xcassets; sourceTree = "<group>"; };
		E4BB0E161D1E52F900E36992 /* Base */ = {isa = PBXFileReference; lastKnownFileType = file.storyboard; name = Base; path = Base.lproj/LaunchScreen.storyboard; sourceTree = "<group>"; };
		E4BB0E181D1E52F900E36992 /* Info.plist */ = {isa = PBXFileReference; lastKnownFileType = text.plist.xml; path = Info.plist; sourceTree = "<group>"; };
/* End PBXFileReference section */

/* Begin PBXFrameworksBuildPhase section */
		E4BB0E011D1E52F900E36992 /* Frameworks */ = {
			isa = PBXFrameworksBuildPhase;
			buildActionMask = 2147483647;
			files = (
				7A36D39E838D30BF2C91AF45 /* Pods_MusicStories.framework in Frameworks */,
			);
			runOnlyForDeploymentPostprocessing = 0;
		};
/* End PBXFrameworksBuildPhase section */

/* Begin PBXGroup section */
		03AEB515888A20546750F0AE /* Pods */ = {
			isa = PBXGroup;
			children = (
				2294ECA9079DDC1BD230DC51 /* Pods-MusicStories.debug.xcconfig */,
				C5580D607BE3FFAFD6966B39 /* Pods-MusicStories.release.xcconfig */,
			);
			name = Pods;
			sourceTree = "<group>";
		};
		CB6F3BC576205449334DFC9A /* Frameworks */ = {
			isa = PBXGroup;
			children = (
				B1FD9958115D436B41AE760A /* Pods_MusicStories.framework */,
			);
			name = Frameworks;
			sourceTree = "<group>";
		};
		E4A42BDD1D5044CC005C0045 /* Model */ = {
			isa = PBXGroup;
			children = (
				E4A42BDA1D50447F005C0045 /* Comment.h */,
				E4A42BDB1D50447F005C0045 /* Comment.m */,
			);
			name = Model;
			sourceTree = "<group>";
		};
		E4A42BDE1D513D16005C0045 /* Views */ = {
			isa = PBXGroup;
			children = (
				E4A42BE21D513DDD005C0045 /* BorderedButton.h */,
				E4A42BE31D513DDD005C0045 /* BorderedButton.m */,
				E49112B21D5290FA00273B18 /* CommentCell.h */,
				E49112B31D5290FA00273B18 /* CommentCell.m */,
			);
			name = Views;
			sourceTree = "<group>";
		};
		E4BB0DFB1D1E52F900E36992 = {
			isa = PBXGroup;
			children = (
				E4BB0E061D1E52F900E36992 /* MusicStories */,
				E4BB0E051D1E52F900E36992 /* Products */,
				03AEB515888A20546750F0AE /* Pods */,
				CB6F3BC576205449334DFC9A /* Frameworks */,
			);
			sourceTree = "<group>";
		};
		E4BB0E051D1E52F900E36992 /* Products */ = {
			isa = PBXGroup;
			children = (
				E4BB0E041D1E52F900E36992 /* MusicStories.app */,
			);
			name = Products;
			sourceTree = "<group>";
		};
		E4BB0E061D1E52F900E36992 /* MusicStories */ = {
			isa = PBXGroup;
			children = (
				E4A42BDE1D513D16005C0045 /* Views */,
				E4A42BDD1D5044CC005C0045 /* Model */,
				E4BB0E0A1D1E52F900E36992 /* AppDelegate.h */,
				E4BB0E0B1D1E52F900E36992 /* AppDelegate.m */,
				E4BB0E0D1D1E52F900E36992 /* ViewController.h */,
				E4BB0E0E1D1E52F900E36992 /* ViewController.m */,
				E4BB0E101D1E52F900E36992 /* Main.storyboard */,
				E4BB0E131D1E52F900E36992 /* Assets.xcassets */,
				E4BB0E151D1E52F900E36992 /* LaunchScreen.storyboard */,
				E4BB0E181D1E52F900E36992 /* Info.plist */,
				E4BB0E071D1E52F900E36992 /* Supporting Files */,
			);
			path = MusicStories;
			sourceTree = "<group>";
		};
		E4BB0E071D1E52F900E36992 /* Supporting Files */ = {
			isa = PBXGroup;
			children = (
				E4BB0E081D1E52F900E36992 /* main.m */,
			);
			name = "Supporting Files";
			sourceTree = "<group>";
		};
/* End PBXGroup section */

/* Begin PBXNativeTarget section */
		E4BB0E031D1E52F900E36992 /* MusicStories */ = {
			isa = PBXNativeTarget;
			buildConfigurationList = E4BB0E1B1D1E52F900E36992 /* Build configuration list for PBXNativeTarget "MusicStories" */;
			buildPhases = (
				2256357F967DE62EADD5A5A1 /* [CP] Check Pods Manifest.lock */,
				E4BB0E001D1E52F900E36992 /* Sources */,
				E4BB0E011D1E52F900E36992 /* Frameworks */,
				E4BB0E021D1E52F900E36992 /* Resources */,
				E7EAEF1DB5373FACC24B95B8 /* [CP] Embed Pods Frameworks */,
				0AF3BDBB47BAA26EE6262347 /* [CP] Copy Pods Resources */,
			);
			buildRules = (
			);
			dependencies = (
			);
			name = MusicStories;
			productName = MusicStories;
			productReference = E4BB0E041D1E52F900E36992 /* MusicStories.app */;
			productType = "com.apple.product-type.application";
		};
/* End PBXNativeTarget section */

/* Begin PBXProject section */
		E4BB0DFC1D1E52F900E36992 /* Project object */ = {
			isa = PBXProject;
			attributes = {
				LastUpgradeCheck = 0730;
				ORGANIZATIONNAME = Song;
				TargetAttributes = {
					E4BB0E031D1E52F900E36992 = {
						CreatedOnToolsVersion = 7.3.1;
					};
				};
			};
			buildConfigurationList = E4BB0DFF1D1E52F900E36992 /* Build configuration list for PBXProject "MusicStories" */;
			compatibilityVersion = "Xcode 3.2";
			developmentRegion = English;
			hasScannedForEncodings = 0;
			knownRegions = (
				en,
				Base,
			);
			mainGroup = E4BB0DFB1D1E52F900E36992;
			productRefGroup = E4BB0E051D1E52F900E36992 /* Products */;
			projectDirPath = "";
			projectRoot = "";
			targets = (
				E4BB0E031D1E52F900E36992 /* MusicStories */,
			);
		};
/* End PBXProject section */

/* Begin PBXResourcesBuildPhase section */
		E4BB0E021D1E52F900E36992 /* Resources */ = {
			isa = PBXResourcesBuildPhase;
			buildActionMask = 2147483647;
			files = (
				E4BB0E171D1E52F900E36992 /* LaunchScreen.storyboard in Resources */,
				E4BB0E141D1E52F900E36992 /* Assets.xcassets in Resources */,
				E4BB0E121D1E52F900E36992 /* Main.storyboard in Resources */,
			);
			runOnlyForDeploymentPostprocessing = 0;
		};
/* End PBXResourcesBuildPhase section */

/* Begin PBXShellScriptBuildPhase section */
		0AF3BDBB47BAA26EE6262347 /* [CP] Copy Pods Resources */ = {
			isa = PBXShellScriptBuildPhase;
			buildActionMask = 2147483647;
			files = (
			);
			inputPaths = (
			);
			name = "[CP] Copy Pods Resources";
			outputPaths = (
			);
			runOnlyForDeploymentPostprocessing = 0;
			shellPath = /bin/sh;
			shellScript = "\"${SRCROOT}/Pods/Target Support Files/Pods-MusicStories/Pods-MusicStories-resources.sh\"\n";
			showEnvVarsInLog = 0;
		};
		2256357F967DE62EADD5A5A1 /* [CP] Check Pods Manifest.lock */ = {
			isa = PBXShellScriptBuildPhase;
			buildActionMask = 2147483647;
			files = (
			);
			inputPaths = (
			);
			name = "[CP] Check Pods Manifest.lock";
			outputPaths = (
			);
			runOnlyForDeploymentPostprocessing = 0;
			shellPath = /bin/sh;
			shellScript = "diff \"${PODS_ROOT}/../Podfile.lock\" \"${PODS_ROOT}/Manifest.lock\" > /dev/null\nif [[ $? != 0 ]] ; then\n    cat << EOM\nerror: The sandbox is not in sync with the Podfile.lock. Run 'pod install' or update your CocoaPods installation.\nEOM\n    exit 1\nfi\n";
			showEnvVarsInLog = 0;
		};
		E7EAEF1DB5373FACC24B95B8 /* [CP] Embed Pods Frameworks */ = {
			isa = PBXShellScriptBuildPhase;
			buildActionMask = 2147483647;
			files = (
			);
			inputPaths = (
			);
			name = "[CP] Embed Pods Frameworks";
			outputPaths = (
			);
			runOnlyForDeploymentPostprocessing = 0;
			shellPath = /bin/sh;
			shellScript = "\"${SRCROOT}/Pods/Target Support Files/Pods-MusicStories/Pods-MusicStories-frameworks.sh\"\n";
			showEnvVarsInLog = 0;
		};
/* End PBXShellScriptBuildPhase section */

/* Begin PBXSourcesBuildPhase section */
		E4BB0E001D1E52F900E36992 /* Sources */ = {
			isa = PBXSourcesBuildPhase;
			buildActionMask = 2147483647;
			files = (
				E4BB0E0F1D1E52F900E36992 /* ViewController.m in Sources */,
				E49112B41D5290FA00273B18 /* CommentCell.m in Sources */,
				E4BB0E0C1D1E52F900E36992 /* AppDelegate.m in Sources */,
				E4A42BE41D513DDD005C0045 /* BorderedButton.m in Sources */,
				E4BB0E091D1E52F900E36992 /* main.m in Sources */,
				E4A42BDC1D50447F005C0045 /* Comment.m in Sources */,
			);
			runOnlyForDeploymentPostprocessing = 0;
		};
/* End PBXSourcesBuildPhase section */

/* Begin PBXVariantGroup section */
		E4BB0E101D1E52F900E36992 /* Main.storyboard */ = {
			isa = PBXVariantGroup;
			children = (
				E4BB0E111D1E52F900E36992 /* Base */,
			);
			name = Main.storyboard;
			sourceTree = "<group>";
		};
		E4BB0E151D1E52F900E36992 /* LaunchScreen.storyboard */ = {
			isa = PBXVariantGroup;
			children = (
				E4BB0E161D1E52F900E36992 /* Base */,
			);
			name = LaunchScreen.storyboard;
			sourceTree = "<group>";
		};
/* End PBXVariantGroup section */

/* Begin XCBuildConfiguration section */
		E4BB0E191D1E52F900E36992 /* Debug */ = {
			isa = XCBuildConfiguration;
			buildSettings = {
				ALWAYS_SEARCH_USER_PATHS = NO;
				CLANG_ANALYZER_NONNULL = YES;
				CLANG_CXX_LANGUAGE_STANDARD = "gnu++0x";
				CLANG_CXX_LIBRARY = "libc++";
				CLANG_ENABLE_MODULES = YES;
				CLANG_ENABLE_OBJC_ARC = YES;
				CLANG_WARN_BOOL_CONVERSION = YES;
				CLANG_WARN_CONSTANT_CONVERSION = YES;
				CLANG_WARN_DIRECT_OBJC_ISA_USAGE = YES_ERROR;
				CLANG_WARN_EMPTY_BODY = YES;
				CLANG_WARN_ENUM_CONVERSION = YES;
				CLANG_WARN_INT_CONVERSION = YES;
				CLANG_WARN_OBJC_ROOT_CLASS = YES_ERROR;
				CLANG_WARN_UNREACHABLE_CODE = YES;
				CLANG_WARN__DUPLICATE_METHOD_MATCH = YES;
				"CODE_SIGN_IDENTITY[sdk=iphoneos*]" = "iPhone Developer";
				COPY_PHASE_STRIP = NO;
				DEBUG_INFORMATION_FORMAT = dwarf;
				ENABLE_STRICT_OBJC_MSGSEND = YES;
				ENABLE_TESTABILITY = YES;
				GCC_C_LANGUAGE_STANDARD = gnu99;
				GCC_DYNAMIC_NO_PIC = NO;
				GCC_NO_COMMON_BLOCKS = YES;
				GCC_OPTIMIZATION_LEVEL = 0;
				GCC_PREPROCESSOR_DEFINITIONS = (
					"DEBUG=1",
					"$(inherited)",
				);
				GCC_WARN_64_TO_32_BIT_CONVERSION = YES;
				GCC_WARN_ABOUT_RETURN_TYPE = YES_ERROR;
				GCC_WARN_UNDECLARED_SELECTOR = YES;
				GCC_WARN_UNINITIALIZED_AUTOS = YES_AGGRESSIVE;
				GCC_WARN_UNUSED_FUNCTION = YES;
				GCC_WARN_UNUSED_VARIABLE = YES;
				IPHONEOS_DEPLOYMENT_TARGET = 9.3;
				MTL_ENABLE_DEBUG_INFO = YES;
				ONLY_ACTIVE_ARCH = YES;
				SDKROOT = iphoneos;
			};
			name = Debug;
		};
		E4BB0E1A1D1E52F900E36992 /* Release */ = {
			isa = XCBuildConfiguration;
			buildSettings = {
				ALWAYS_SEARCH_USER_PATHS = NO;
				CLANG_ANALYZER_NONNULL = YES;
				CLANG_CXX_LANGUAGE_STANDARD = "gnu++0x";
				CLANG_CXX_LIBRARY = "libc++";
				CLANG_ENABLE_MODULES = YES;
				CLANG_ENABLE_OBJC_ARC = YES;
				CLANG_WARN_BOOL_CONVERSION = YES;
				CLANG_WARN_CONSTANT_CONVERSION = YES;
				CLANG_WARN_DIRECT_OBJC_ISA_USAGE = YES_ERROR;
				CLANG_WARN_EMPTY_BODY = YES;
				CLANG_WARN_ENUM_CONVERSION = YES;
				CLANG_WARN_INT_CONVERSION = YES;
				CLANG_WARN_OBJC_ROOT_CLASS = YES_ERROR;
				CLANG_WARN_UNREACHABLE_CODE = YES;
				CLANG_WARN__DUPLICATE_METHOD_MATCH = YES;
				"CODE_SIGN_IDENTITY[sdk=iphoneos*]" = "iPhone Developer";
				COPY_PHASE_STRIP = NO;
				DEBUG_INFORMATION_FORMAT = "dwarf-with-dsym";
				ENABLE_NS_ASSERTIONS = NO;
				ENABLE_STRICT_OBJC_MSGSEND = YES;
				GCC_C_LANGUAGE_STANDARD = gnu99;
				GCC_NO_COMMON_BLOCKS = YES;
				GCC_WARN_64_TO_32_BIT_CONVERSION = YES;
				GCC_WARN_ABOUT_RETURN_TYPE = YES_ERROR;
				GCC_WARN_UNDECLARED_SELECTOR = YES;
				GCC_WARN_UNINITIALIZED_AUTOS = YES_AGGRESSIVE;
				GCC_WARN_UNUSED_FUNCTION = YES;
				GCC_WARN_UNUSED_VARIABLE = YES;
				IPHONEOS_DEPLOYMENT_TARGET = 9.3;
				MTL_ENABLE_DEBUG_INFO = NO;
				SDKROOT = iphoneos;
				VALIDATE_PRODUCT = YES;
			};
			name = Release;
		};
		E4BB0E1C1D1E52F900E36992 /* Debug */ = {
			isa = XCBuildConfiguration;
			baseConfigurationReference = 2294ECA9079DDC1BD230DC51 /* Pods-MusicStories.debug.xcconfig */;
			buildSettings = {
				ASSETCATALOG_COMPILER_APPICON_NAME = AppIcon;
				INFOPLIST_FILE = MusicStories/Info.plist;
				LD_RUNPATH_SEARCH_PATHS = "$(inherited) @executable_path/Frameworks";
				PRODUCT_BUNDLE_IDENTIFIER = co.songliao.MusicStories;
				PRODUCT_NAME = "$(TARGET_NAME)";
			};
			name = Debug;
		};
		E4BB0E1D1D1E52F900E36992 /* Release */ = {
			isa = XCBuildConfiguration;
			baseConfigurationReference = C5580D607BE3FFAFD6966B39 /* Pods-MusicStories.release.xcconfig */;
			buildSettings = {
				ASSETCATALOG_COMPILER_APPICON_NAME = AppIcon;
				INFOPLIST_FILE = MusicStories/Info.plist;
				LD_RUNPATH_SEARCH_PATHS = "$(inherited) @executable_path/Frameworks";
				PRODUCT_BUNDLE_IDENTIFIER = co.songliao.MusicStories;
				PRODUCT_NAME = "$(TARGET_NAME)";
			};
			name = Release;
		};
/* End XCBuildConfiguration section */

/* Begin XCConfigurationList section */
		E4BB0DFF1D1E52F900E36992 /* Build configuration list for PBXProject "MusicStories" */ = {
			isa = XCConfigurationList;
			buildConfigurations = (
				E4BB0E191D1E52F900E36992 /* Debug */,
				E4BB0E1A1D1E52F900E36992 /* Release */,
			);
			defaultConfigurationIsVisible = 0;
			defaultConfigurationName = Release;
		};
		E4BB0E1B1D1E52F900E36992 /* Build configuration list for PBXNativeTarget "MusicStories" */ = {
			isa = XCConfigurationList;
			buildConfigurations = (
				E4BB0E1C1D1E52F900E36992 /* Debug */,
				E4BB0E1D1D1E52F900E36992 /* Release */,
			);
			defaultConfigurationIsVisible = 0;
			defaultConfigurationName = Release;
		};
/* End XCConfigurationList section */
	};
	rootObject = E4BB0DFC1D1E52F900E36992 /* Project object */;
}
